
Microsoft Visual Studio Solution File, Format Version 12.00
# Visual Studio Version 17
VisualStudioVersion = 17.2.32414.248
MinimumVisualStudioVersion = 10.0.40219.1
Project("{FAE04EC0-301F-11D3-BF4B-00C04F79EFBC}") = "RekognitionService", "RekognitionService\RekognitionService.csproj", "{61B673D7-84A2-42C8-9179-7F1A124833FB}"
EndProject
Global
	GlobalSection(SolutionConfigurationPlatforms) = preSolution
		Debug|Any CPU = Debug|Any CPU
		Release|Any CPU = Release|Any CPU
	EndGlobalSection
	GlobalSection(ProjectConfigurationPlatforms) = postSolution
		{61B673D7-84A2-42C8-9179-7F1A124833FB}.Debug|Any CPU.ActiveCfg = Debug|Any CPU
		{61B673D7-84A2-42C8-9179-7F1A124833FB}.Debug|Any CPU.Build.0 = Debug|Any CPU
		{61B673D7-84A2-42C8-9179-7F1A124833FB}.Release|Any CPU.ActiveCfg = Release|Any CPU
		{61B673D7-84A2-42C8-9179-7F1A124833FB}.Release|Any CPU.Build.0 = Release|Any CPU
	EndGlobalSection
	GlobalSection(SolutionProperties) = preSolution
		HideSolutionNode = FALSE
	EndGlobalSection
	GlobalSection(ExtensibilityGlobals) = postSolution
		SolutionGuid = {565D4AFA-7B6E-41F3-89C5-A56CC22A61B2}
	EndGlobalSection
EndGlobal
